
Microsoft Visual Studio Solution File, Format Version 12.00
# Visual Studio 2013
VisualStudioVersion = 12.0.40629.0
MinimumVisualStudioVersion = 10.0.40219.1
Project("{8BC9CEB8-8B4A-11D0-8D11-00A0C91BC942}") = "BloomFilter", "BloomFilter\BloomFilter.vcxproj", "{FDB4C6B3-1C76-4CE4-A440-26D2B6CAB325}"
EndProject
Project("{8BC9CEB8-8B4A-11D0-8D11-00A0C91BC942}") = "CuckooFilter", "CuckooFilter\CuckooFilter.vcxproj", "{358F6063-ED09-43D4-AAF2-C37B51326F61}"
EndProject
Global
	GlobalSection(SolutionConfigurationPlatforms) = preSolution
		Debug|Win32 = Debug|Win32
		Release|Win32 = Release|Win32
	EndGlobalSection
	GlobalSection(ProjectConfigurationPlatforms) = postSolution
		{FDB4C6B3-1C76-4CE4-A440-26D2B6CAB325}.Debug|Win32.ActiveCfg = Debug|Win32
		{FDB4C6B3-1C76-4CE4-A440-26D2B6CAB325}.Debug|Win32.Build.0 = Debug|Win32
		{FDB4C6B3-1C76-4CE4-A440-26D2B6CAB325}.Release|Win32.ActiveCfg = Release|Win32
		{FDB4C6B3-1C76-4CE4-A440-26D2B6CAB325}.Release|Win32.Build.0 = Release|Win32
		{358F6063-ED09-43D4-AAF2-C37B51326F61}.Debug|Win32.ActiveCfg = Debug|Win32
		{358F6063-ED09-43D4-AAF2-C37B51326F61}.Debug|Win32.Build.0 = Debug|Win32
		{358F6063-ED09-43D4-AAF2-C37B51326F61}.Release|Win32.ActiveCfg = Release|Win32
		{358F6063-ED09-43D4-AAF2-C37B51326F61}.Release|Win32.Build.0 = Release|Win32
	EndGlobalSection
	GlobalSection(SolutionProperties) = preSolution
		HideSolutionNode = FALSE
	EndGlobalSection
EndGlobal
